
Microsoft Visual Studio Solution File, Format Version 12.00
# Visual Studio Version 16
VisualStudioVersion = 16.0.30225.117
MinimumVisualStudioVersion = 10.0.40219.1
Project("{FAE04EC0-301F-11D3-BF4B-00C04F79EFBC}") = "ontapmodule2", "ontapmodule2\ontapmodule2.csproj", "{A3547186-A162-43A5-96F6-F90EA07F4204}"
EndProject
Global
	GlobalSection(SolutionConfigurationPlatforms) = preSolution
		Debug|Any CPU = Debug|Any CPU
		Release|Any CPU = Release|Any CPU
	EndGlobalSection
	GlobalSection(ProjectConfigurationPlatforms) = postSolution
		{A3547186-A162-43A5-96F6-F90EA07F4204}.Debug|Any CPU.ActiveCfg = Debug|Any CPU
		{A3547186-A162-43A5-96F6-F90EA07F4204}.Debug|Any CPU.Build.0 = Debug|Any CPU
		{A3547186-A162-43A5-96F6-F90EA07F4204}.Release|Any CPU.ActiveCfg = Release|Any CPU
		{A3547186-A162-43A5-96F6-F90EA07F4204}.Release|Any CPU.Build.0 = Release|Any CPU
	EndGlobalSection
	GlobalSection(SolutionProperties) = preSolution
		HideSolutionNode = FALSE
	EndGlobalSection
	GlobalSection(ExtensibilityGlobals) = postSolution
		SolutionGuid = {6D767849-81F5-4BAB-92BD-384B623C2254}
	EndGlobalSection
EndGlobal
